
Microsoft Visual Studio Solution File, Format Version 12.00
# Visual Studio Version 16
VisualStudioVersion = 16.0.29709.97
MinimumVisualStudioVersion = 10.0.40219.1
Project("{FAE04EC0-301F-11D3-BF4B-00C04F79EFBC}") = "Banking.Domain", "Banking.Domain\Banking.Domain.csproj", "{E2137B6D-2964-490D-845F-D0CB8CCBF8F1}"
EndProject
Global
	GlobalSection(SolutionConfigurationPlatforms) = preSolution
		Debug|Any CPU = Debug|Any CPU
		Release|Any CPU = Release|Any CPU
	EndGlobalSection
	GlobalSection(ProjectConfigurationPlatforms) = postSolution
		{E2137B6D-2964-490D-845F-D0CB8CCBF8F1}.Debug|Any CPU.ActiveCfg = Debug|Any CPU
		{E2137B6D-2964-490D-845F-D0CB8CCBF8F1}.Debug|Any CPU.Build.0 = Debug|Any CPU
		{E2137B6D-2964-490D-845F-D0CB8CCBF8F1}.Release|Any CPU.ActiveCfg = Release|Any CPU
		{E2137B6D-2964-490D-845F-D0CB8CCBF8F1}.Release|Any CPU.Build.0 = Release|Any CPU
	EndGlobalSection
	GlobalSection(SolutionProperties) = preSolution
		HideSolutionNode = FALSE
	EndGlobalSection
	GlobalSection(ExtensibilityGlobals) = postSolution
		SolutionGuid = {5217F22E-C854-467F-97F0-C5CA9805F2EB}
	EndGlobalSection
EndGlobal
